
Microsoft Visual Studio Solution File, Format Version 12.00
# Visual Studio Version 16
VisualStudioVersion = 16.0.30503.244
MinimumVisualStudioVersion = 10.0.40219.1
Project("{8BC9CEB8-8B4A-11D0-8D11-00A0C91BC942}") = "소수 구하기 최적화 코드", "소수 구하기 최적화 코드.vcxproj", "{DAD6B4E2-7467-4453-A14C-B474FB668748}"
EndProject
Global
	GlobalSection(SolutionConfigurationPlatforms) = preSolution
		Debug|x64 = Debug|x64
		Debug|x86 = Debug|x86
		Release|x64 = Release|x64
		Release|x86 = Release|x86
	EndGlobalSection
	GlobalSection(ProjectConfigurationPlatforms) = postSolution
		{DAD6B4E2-7467-4453-A14C-B474FB668748}.Debug|x64.ActiveCfg = Debug|x64
		{DAD6B4E2-7467-4453-A14C-B474FB668748}.Debug|x64.Build.0 = Debug|x64
		{DAD6B4E2-7467-4453-A14C-B474FB668748}.Debug|x86.ActiveCfg = Debug|Win32
		{DAD6B4E2-7467-4453-A14C-B474FB668748}.Debug|x86.Build.0 = Debug|Win32
		{DAD6B4E2-7467-4453-A14C-B474FB668748}.Release|x64.ActiveCfg = Release|x64
		{DAD6B4E2-7467-4453-A14C-B474FB668748}.Release|x64.Build.0 = Release|x64
		{DAD6B4E2-7467-4453-A14C-B474FB668748}.Release|x86.ActiveCfg = Release|Win32
		{DAD6B4E2-7467-4453-A14C-B474FB668748}.Release|x86.Build.0 = Release|Win32
	EndGlobalSection
	GlobalSection(SolutionProperties) = preSolution
		HideSolutionNode = FALSE
	EndGlobalSection
	GlobalSection(ExtensibilityGlobals) = postSolution
		SolutionGuid = {B8E5204D-9585-4928-A7D0-53FA1AA592D0}
	EndGlobalSection
EndGlobal
